// !$*UTF8*$!
{
	archiveVersion = 1;
	classes = {
	};
	objectVersion = 46;
	objects = {

/* Begin PBXBuildFile section */
		1B37A13527219CAF1B7BB0A9 /* Pods_SinaWeibo_Swift.framework in Frameworks */ = {isa = PBXBuildFile; fileRef = 94BC769E76DCC20997A8F2B0 /* Pods_SinaWeibo_Swift.framework */; };
		E2296D901E49670500867C70 /* ComposeViewController.swift in Sources */ = {isa = PBXBuildFile; fileRef = E2296D8E1E49670500867C70 /* ComposeViewController.swift */; };
		E2296D911E49670500867C70 /* ComposeViewController.xib in Resources */ = {isa = PBXBuildFile; fileRef = E2296D8F1E49670500867C70 /* ComposeViewController.xib */; };
		E2296D931E496CA200867C70 /* ComposeTitleView.swift in Sources */ = {isa = PBXBuildFile; fileRef = E2296D921E496CA200867C70 /* ComposeTitleView.swift */; };
		E2296D951E49756300867C70 /* ComposeTextView.swift in Sources */ = {isa = PBXBuildFile; fileRef = E2296D941E49756300867C70 /* ComposeTextView.swift */; };
		E2296D981E49B9A400867C70 /* PicPickerCollectionView.swift in Sources */ = {isa = PBXBuildFile; fileRef = E2296D971E49B9A400867C70 /* PicPickerCollectionView.swift */; };
		E2296D9B1E49C0E000867C70 /* PicPickerCollectionViewCell.swift in Sources */ = {isa = PBXBuildFile; fileRef = E2296D991E49C0E000867C70 /* PicPickerCollectionViewCell.swift */; };
		E2296D9C1E49C0E000867C70 /* PicPickerCollectionViewCell.xib in Resources */ = {isa = PBXBuildFile; fileRef = E2296D9A1E49C0E000867C70 /* PicPickerCollectionViewCell.xib */; };
		E24A4A981E28CA0900469864 /* PoperViewAnimation.swift in Sources */ = {isa = PBXBuildFile; fileRef = E24A4A971E28CA0900469864 /* PoperViewAnimation.swift */; };
		E26205171E2DF42600A597C0 /* OauthViewController.swift in Sources */ = {isa = PBXBuildFile; fileRef = E26205151E2DF42600A597C0 /* OauthViewController.swift */; };
		E26205181E2DF42600A597C0 /* OauthViewController.xib in Resources */ = {isa = PBXBuildFile; fileRef = E26205161E2DF42600A597C0 /* OauthViewController.xib */; };
		E262051A1E2DFF8600A597C0 /* Common.swift in Sources */ = {isa = PBXBuildFile; fileRef = E26205191E2DFF8600A597C0 /* Common.swift */; };
		E262051C1E2E1E5000A597C0 /* NetworkTool.swift in Sources */ = {isa = PBXBuildFile; fileRef = E262051B1E2E1E5000A597C0 /* NetworkTool.swift */; };
		E2691BE81E31B4E1000772B6 /* StatusesViewModel.swift in Sources */ = {isa = PBXBuildFile; fileRef = E2691BE71E31B4E1000772B6 /* StatusesViewModel.swift */; };
		E2691BEA1E31E22E000772B6 /* HomeViewCell.swift in Sources */ = {isa = PBXBuildFile; fileRef = E2691BE91E31E22E000772B6 /* HomeViewCell.swift */; };
		E26CA13F1E25D3900068FF45 /* MainVCSettings.json in Resources */ = {isa = PBXBuildFile; fileRef = E26CA13E1E25D3900068FF45 /* MainVCSettings.json */; };
		E26CA1421E260D0C0068FF45 /* Home.storyboard in Resources */ = {isa = PBXBuildFile; fileRef = E26CA1401E260D0C0068FF45 /* Home.storyboard */; };
		E26CA1441E260F0C0068FF45 /* Message.storyboard in Resources */ = {isa = PBXBuildFile; fileRef = E26CA1431E260F0C0068FF45 /* Message.storyboard */; };
		E26CA1471E260F4B0068FF45 /* Null.storyboard in Resources */ = {isa = PBXBuildFile; fileRef = E26CA1451E260F4B0068FF45 /* Null.storyboard */; };
		E26CA1491E260F910068FF45 /* Discover.storyboard in Resources */ = {isa = PBXBuildFile; fileRef = E26CA1481E260F910068FF45 /* Discover.storyboard */; };
		E26CA14C1E260FDB0068FF45 /* Profile.storyboard in Resources */ = {isa = PBXBuildFile; fileRef = E26CA14A1E260FDB0068FF45 /* Profile.storyboard */; };
		E26CA1501E262C4B0068FF45 /* UIButton_Extention.swift in Sources */ = {isa = PBXBuildFile; fileRef = E26CA14F1E262C4B0068FF45 /* UIButton_Extention.swift */; };
		E26D17251E349B8B00C4C6C0 /* PicCollectionView.swift in Sources */ = {isa = PBXBuildFile; fileRef = E26D17241E349B8B00C4C6C0 /* PicCollectionView.swift */; };
		E26DC3651E2F080600638927 /* UserAccountModel.swift in Sources */ = {isa = PBXBuildFile; fileRef = E26DC3641E2F080600638927 /* UserAccountModel.swift */; };
		E26DC3671E2F5F7300638927 /* UserAccountViewModel.swift in Sources */ = {isa = PBXBuildFile; fileRef = E26DC3661E2F5F7300638927 /* UserAccountViewModel.swift */; };
		E288AEFD1E271980001B1E21 /* BaseViewController.swift in Sources */ = {isa = PBXBuildFile; fileRef = E288AEFC1E271980001B1E21 /* BaseViewController.swift */; };
		E288AEFF1E271AE1001B1E21 /* VisitorView.swift in Sources */ = {isa = PBXBuildFile; fileRef = E288AEFE1E271AE1001B1E21 /* VisitorView.swift */; };
		E288AF011E271AF3001B1E21 /* VisitorView.xib in Resources */ = {isa = PBXBuildFile; fileRef = E288AF001E271AF3001B1E21 /* VisitorView.xib */; };
		E288AF031E275809001B1E21 /* UIBarButtonItem_extention.swift in Sources */ = {isa = PBXBuildFile; fileRef = E288AF021E275809001B1E21 /* UIBarButtonItem_extention.swift */; };
		E288AF051E275E84001B1E21 /* TitleButton.swift in Sources */ = {isa = PBXBuildFile; fileRef = E288AF041E275E84001B1E21 /* TitleButton.swift */; };
		E288AF0D1E276FC2001B1E21 /* PoperViewController.swift in Sources */ = {isa = PBXBuildFile; fileRef = E288AF0B1E276FC2001B1E21 /* PoperViewController.swift */; };
		E288AF0E1E276FC2001B1E21 /* PoperViewController.xib in Resources */ = {isa = PBXBuildFile; fileRef = E288AF0C1E276FC2001B1E21 /* PoperViewController.xib */; };
		E288AF101E277828001B1E21 /* ZLLPresentationController.swift in Sources */ = {isa = PBXBuildFile; fileRef = E288AF0F1E277828001B1E21 /* ZLLPresentationController.swift */; };
		E28D05071E305D9F00E604F9 /* WelcomeViewController.swift in Sources */ = {isa = PBXBuildFile; fileRef = E28D05051E305D9F00E604F9 /* WelcomeViewController.swift */; };
		E28D05081E305D9F00E604F9 /* WelcomeViewController.xib in Resources */ = {isa = PBXBuildFile; fileRef = E28D05061E305D9F00E604F9 /* WelcomeViewController.xib */; };
		E28D050D1E309E9100E604F9 /* Statuses.swift in Sources */ = {isa = PBXBuildFile; fileRef = E28D050C1E309E9100E604F9 /* Statuses.swift */; };
		E28D054B1E30BD5500E604F9 /* Date_Extension.swift in Sources */ = {isa = PBXBuildFile; fileRef = E28D054A1E30BD5500E604F9 /* Date_Extension.swift */; };
		E28D054D1E30C3DC00E604F9 /* User.swift in Sources */ = {isa = PBXBuildFile; fileRef = E28D054C1E30C3DC00E604F9 /* User.swift */; };
		E2D944151E24B6CF00BD4B0B /* AppDelegate.swift in Sources */ = {isa = PBXBuildFile; fileRef = E2D944141E24B6CF00BD4B0B /* AppDelegate.swift */; };
		E2D9441A1E24B6CF00BD4B0B /* Main.storyboard in Resources */ = {isa = PBXBuildFile; fileRef = E2D944181E24B6CF00BD4B0B /* Main.storyboard */; };
		E2D9441C1E24B6CF00BD4B0B /* Assets.xcassets in Resources */ = {isa = PBXBuildFile; fileRef = E2D9441B1E24B6CF00BD4B0B /* Assets.xcassets */; };
		E2D9441F1E24B6CF00BD4B0B /* LaunchScreen.storyboard in Resources */ = {isa = PBXBuildFile; fileRef = E2D9441D1E24B6CF00BD4B0B /* LaunchScreen.storyboard */; };
		E2D9442A1E24B6CF00BD4B0B /* SinaWeibo_SwiftTests.swift in Sources */ = {isa = PBXBuildFile; fileRef = E2D944291E24B6CF00BD4B0B /* SinaWeibo_SwiftTests.swift */; };
		E2D944351E24B6CF00BD4B0B /* SinaWeibo_SwiftUITests.swift in Sources */ = {isa = PBXBuildFile; fileRef = E2D944341E24B6CF00BD4B0B /* SinaWeibo_SwiftUITests.swift */; };
		E2D9444A1E24B93A00BD4B0B /* Default-568h@2x.png in Resources */ = {isa = PBXBuildFile; fileRef = E2D944491E24B93A00BD4B0B /* Default-568h@2x.png */; };
		E2D9444C1E24C6BB00BD4B0B /* MainViewController.swift in Sources */ = {isa = PBXBuildFile; fileRef = E2D9444B1E24C6BB00BD4B0B /* MainViewController.swift */; };
		E2D9444E1E24C6DA00BD4B0B /* HomeViewController.swift in Sources */ = {isa = PBXBuildFile; fileRef = E2D9444D1E24C6DA00BD4B0B /* HomeViewController.swift */; };
		E2D944501E24C6E900BD4B0B /* MessageViewController.swift in Sources */ = {isa = PBXBuildFile; fileRef = E2D9444F1E24C6E900BD4B0B /* MessageViewController.swift */; };
		E2D944521E24C6F800BD4B0B /* DiscoverViewController.swift in Sources */ = {isa = PBXBuildFile; fileRef = E2D944511E24C6F800BD4B0B /* DiscoverViewController.swift */; };
		E2D944541E24C70800BD4B0B /* ProfileViewController.swift in Sources */ = {isa = PBXBuildFile; fileRef = E2D944531E24C70800BD4B0B /* ProfileViewController.swift */; };
/* End PBXBuildFile section */

/* Begin PBXContainerItemProxy section */
		E2D944261E24B6CF00BD4B0B /* PBXContainerItemProxy */ = {
			isa = PBXContainerItemProxy;
			containerPortal = E2D944091E24B6CF00BD4B0B /* Project object */;
			proxyType = 1;
			remoteGlobalIDString = E2D944101E24B6CF00BD4B0B;
			remoteInfo = SinaWeibo_Swift;
		};
		E2D944311E24B6CF00BD4B0B /* PBXContainerItemProxy */ = {
			isa = PBXContainerItemProxy;
			containerPortal = E2D944091E24B6CF00BD4B0B /* Project object */;
			proxyType = 1;
			remoteGlobalIDString = E2D944101E24B6CF00BD4B0B;
			remoteInfo = SinaWeibo_Swift;
		};
/* End PBXContainerItemProxy section */

/* Begin PBXFileReference section */
		18D37EA9B1CBE9618D042A26 /* Pods-SinaWeibo_Swift.debug.xcconfig */ = {isa = PBXFileReference; includeInIndex = 1; lastKnownFileType = text.xcconfig; name = "Pods-SinaWeibo_Swift.debug.xcconfig"; path = "Pods/Target Support Files/Pods-SinaWeibo_Swift/Pods-SinaWeibo_Swift.debug.xcconfig"; sourceTree = "<group>"; };
		94BC769E76DCC20997A8F2B0 /* Pods_SinaWeibo_Swift.framework */ = {isa = PBXFileReference; explicitFileType = wrapper.framework; includeInIndex = 0; path = Pods_SinaWeibo_Swift.framework; sourceTree = BUILT_PRODUCTS_DIR; };
		B445B8CB12F58D307AED6352 /* Pods-SinaWeibo_Swift.release.xcconfig */ = {isa = PBXFileReference; includeInIndex = 1; lastKnownFileType = text.xcconfig; name = "Pods-SinaWeibo_Swift.release.xcconfig"; path = "Pods/Target Support Files/Pods-SinaWeibo_Swift/Pods-SinaWeibo_Swift.release.xcconfig"; sourceTree = "<group>"; };
		E2296D8E1E49670500867C70 /* ComposeViewController.swift */ = {isa = PBXFileReference; fileEncoding = 4; lastKnownFileType = sourcecode.swift; path = ComposeViewController.swift; sourceTree = "<group>"; };
		E2296D8F1E49670500867C70 /* ComposeViewController.xib */ = {isa = PBXFileReference; fileEncoding = 4; lastKnownFileType = file.xib; path = ComposeViewController.xib; sourceTree = "<group>"; };
		E2296D921E496CA200867C70 /* ComposeTitleView.swift */ = {isa = PBXFileReference; fileEncoding = 4; lastKnownFileType = sourcecode.swift; path = ComposeTitleView.swift; sourceTree = "<group>"; };
		E2296D941E49756300867C70 /* ComposeTextView.swift */ = {isa = PBXFileReference; fileEncoding = 4; lastKnownFileType = sourcecode.swift; path = ComposeTextView.swift; sourceTree = "<group>"; };
		E2296D971E49B9A400867C70 /* PicPickerCollectionView.swift */ = {isa = PBXFileReference; fileEncoding = 4; lastKnownFileType = sourcecode.swift; path = PicPickerCollectionView.swift; sourceTree = "<group>"; };
		E2296D991E49C0E000867C70 /* PicPickerCollectionViewCell.swift */ = {isa = PBXFileReference; fileEncoding = 4; lastKnownFileType = sourcecode.swift; path = PicPickerCollectionViewCell.swift; sourceTree = "<group>"; };
		E2296D9A1E49C0E000867C70 /* PicPickerCollectionViewCell.xib */ = {isa = PBXFileReference; fileEncoding = 4; lastKnownFileType = file.xib; path = PicPickerCollectionViewCell.xib; sourceTree = "<group>"; };
		E24A4A971E28CA0900469864 /* PoperViewAnimation.swift */ = {isa = PBXFileReference; fileEncoding = 4; lastKnownFileType = sourcecode.swift; path = PoperViewAnimation.swift; sourceTree = "<group>"; };
		E26205151E2DF42600A597C0 /* OauthViewController.swift */ = {isa = PBXFileReference; fileEncoding = 4; lastKnownFileType = sourcecode.swift; path = OauthViewController.swift; sourceTree = "<group>"; };
		E26205161E2DF42600A597C0 /* OauthViewController.xib */ = {isa = PBXFileReference; fileEncoding = 4; lastKnownFileType = file.xib; path = OauthViewController.xib; sourceTree = "<group>"; };
		E26205191E2DFF8600A597C0 /* Common.swift */ = {isa = PBXFileReference; fileEncoding = 4; lastKnownFileType = sourcecode.swift; path = Common.swift; sourceTree = "<group>"; };
		E262051B1E2E1E5000A597C0 /* NetworkTool.swift */ = {isa = PBXFileReference; fileEncoding = 4; lastKnownFileType = sourcecode.swift; path = NetworkTool.swift; sourceTree = "<group>"; };
		E2691BE71E31B4E1000772B6 /* StatusesViewModel.swift */ = {isa = PBXFileReference; fileEncoding = 4; lastKnownFileType = sourcecode.swift; path = StatusesViewModel.swift; sourceTree = "<group>"; };
		E2691BE91E31E22E000772B6 /* HomeViewCell.swift */ = {isa = PBXFileReference; fileEncoding = 4; lastKnownFileType = sourcecode.swift; path = HomeViewCell.swift; sourceTree = "<group>"; };
		E26CA13E1E25D3900068FF45 /* MainVCSettings.json */ = {isa = PBXFileReference; fileEncoding = 4; lastKnownFileType = text.json; path = MainVCSettings.json; sourceTree = "<group>"; };
		E26CA1411E260D0C0068FF45 /* Base */ = {isa = PBXFileReference; lastKnownFileType = file.storyboard; name = Base; path = Base.lproj/Home.storyboard; sourceTree = "<group>"; };
		E26CA1431E260F0C0068FF45 /* Message.storyboard */ = {isa = PBXFileReference; fileEncoding = 4; lastKnownFileType = file.storyboard; name = Message.storyboard; path = ../../Message.storyboard; sourceTree = "<group>"; };
		E26CA1461E260F4B0068FF45 /* Base */ = {isa = PBXFileReference; lastKnownFileType = file.storyboard; name = Base; path = Base.lproj/Null.storyboard; sourceTree = "<group>"; };
		E26CA1481E260F910068FF45 /* Discover.storyboard */ = {isa = PBXFileReference; fileEncoding = 4; lastKnownFileType = file.storyboard; name = Discover.storyboard; path = ../../Discover.storyboard; sourceTree = "<group>"; };
		E26CA14B1E260FDB0068FF45 /* Base */ = {isa = PBXFileReference; lastKnownFileType = file.storyboard; name = Base; path = Base.lproj/Profile.storyboard; sourceTree = "<group>"; };
		E26CA14F1E262C4B0068FF45 /* UIButton_Extention.swift */ = {isa = PBXFileReference; fileEncoding = 4; lastKnownFileType = sourcecode.swift; path = UIButton_Extention.swift; sourceTree = "<group>"; };
		E26D17241E349B8B00C4C6C0 /* PicCollectionView.swift */ = {isa = PBXFileReference; fileEncoding = 4; lastKnownFileType = sourcecode.swift; path = PicCollectionView.swift; sourceTree = "<group>"; };
		E26DC3641E2F080600638927 /* UserAccountModel.swift */ = {isa = PBXFileReference; fileEncoding = 4; lastKnownFileType = sourcecode.swift; path = UserAccountModel.swift; sourceTree = "<group>"; };
		E26DC3661E2F5F7300638927 /* UserAccountViewModel.swift */ = {isa = PBXFileReference; fileEncoding = 4; lastKnownFileType = sourcecode.swift; path = UserAccountViewModel.swift; sourceTree = "<group>"; };
		E288AEFC1E271980001B1E21 /* BaseViewController.swift */ = {isa = PBXFileReference; fileEncoding = 4; lastKnownFileType = sourcecode.swift; path = BaseViewController.swift; sourceTree = "<group>"; };
		E288AEFE1E271AE1001B1E21 /* VisitorView.swift */ = {isa = PBXFileReference; fileEncoding = 4; lastKnownFileType = sourcecode.swift; path = VisitorView.swift; sourceTree = "<group>"; };
		E288AF001E271AF3001B1E21 /* VisitorView.xib */ = {isa = PBXFileReference; fileEncoding = 4; lastKnownFileType = file.xib; path = VisitorView.xib; sourceTree = "<group>"; };
		E288AF021E275809001B1E21 /* UIBarButtonItem_extention.swift */ = {isa = PBXFileReference; fileEncoding = 4; lastKnownFileType = sourcecode.swift; path = UIBarButtonItem_extention.swift; sourceTree = "<group>"; };
		E288AF041E275E84001B1E21 /* TitleButton.swift */ = {isa = PBXFileReference; fileEncoding = 4; lastKnownFileType = sourcecode.swift; path = TitleButton.swift; sourceTree = "<group>"; };
		E288AF0B1E276FC2001B1E21 /* PoperViewController.swift */ = {isa = PBXFileReference; fileEncoding = 4; lastKnownFileType = sourcecode.swift; path = PoperViewController.swift; sourceTree = "<group>"; };
		E288AF0C1E276FC2001B1E21 /* PoperViewController.xib */ = {isa = PBXFileReference; fileEncoding = 4; lastKnownFileType = file.xib; path = PoperViewController.xib; sourceTree = "<group>"; };
		E288AF0F1E277828001B1E21 /* ZLLPresentationController.swift */ = {isa = PBXFileReference; fileEncoding = 4; lastKnownFileType = sourcecode.swift; path = ZLLPresentationController.swift; sourceTree = "<group>"; };
		E28D05051E305D9F00E604F9 /* WelcomeViewController.swift */ = {isa = PBXFileReference; fileEncoding = 4; lastKnownFileType = sourcecode.swift; path = WelcomeViewController.swift; sourceTree = "<group>"; };
		E28D05061E305D9F00E604F9 /* WelcomeViewController.xib */ = {isa = PBXFileReference; fileEncoding = 4; lastKnownFileType = file.xib; path = WelcomeViewController.xib; sourceTree = "<group>"; };
		E28D050C1E309E9100E604F9 /* Statuses.swift */ = {isa = PBXFileReference; fileEncoding = 4; lastKnownFileType = sourcecode.swift; path = Statuses.swift; sourceTree = "<group>"; };
		E28D054A1E30BD5500E604F9 /* Date_Extension.swift */ = {isa = PBXFileReference; fileEncoding = 4; lastKnownFileType = sourcecode.swift; path = Date_Extension.swift; sourceTree = "<group>"; };
		E28D054C1E30C3DC00E604F9 /* User.swift */ = {isa = PBXFileReference; fileEncoding = 4; lastKnownFileType = sourcecode.swift; path = User.swift; sourceTree = "<group>"; };
		E2D944111E24B6CF00BD4B0B /* SinaWeibo_Swift.app */ = {isa = PBXFileReference; explicitFileType = wrapper.application; includeInIndex = 0; path = SinaWeibo_Swift.app; sourceTree = BUILT_PRODUCTS_DIR; };
		E2D944141E24B6CF00BD4B0B /* AppDelegate.swift */ = {isa = PBXFileReference; lastKnownFileType = sourcecode.swift; path = AppDelegate.swift; sourceTree = "<group>"; };
		E2D944191E24B6CF00BD4B0B /* Base */ = {isa = PBXFileReference; lastKnownFileType = file.storyboard; name = Base; path = Base.lproj/Main.storyboard; sourceTree = "<group>"; };
		E2D9441B1E24B6CF00BD4B0B /* Assets.xcassets */ = {isa = PBXFileReference; lastKnownFileType = folder.assetcatalog; path = Assets.xcassets; sourceTree = "<group>"; };
		E2D9441E1E24B6CF00BD4B0B /* Base */ = {isa = PBXFileReference; lastKnownFileType = file.storyboard; name = Base; path = Base.lproj/LaunchScreen.storyboard; sourceTree = "<group>"; };
		E2D944201E24B6CF00BD4B0B /* Info.plist */ = {isa = PBXFileReference; lastKnownFileType = text.plist.xml; path = Info.plist; sourceTree = "<group>"; };
		E2D944251E24B6CF00BD4B0B /* SinaWeibo_SwiftTests.xctest */ = {isa = PBXFileReference; explicitFileType = wrapper.cfbundle; includeInIndex = 0; path = SinaWeibo_SwiftTests.xctest; sourceTree = BUILT_PRODUCTS_DIR; };
		E2D944291E24B6CF00BD4B0B /* SinaWeibo_SwiftTests.swift */ = {isa = PBXFileReference; lastKnownFileType = sourcecode.swift; path = SinaWeibo_SwiftTests.swift; sourceTree = "<group>"; };
		E2D9442B1E24B6CF00BD4B0B /* Info.plist */ = {isa = PBXFileReference; lastKnownFileType = text.plist.xml; path = Info.plist; sourceTree = "<group>"; };
		E2D944301E24B6CF00BD4B0B /* SinaWeibo_SwiftUITests.xctest */ = {isa = PBXFileReference; explicitFileType = wrapper.cfbundle; includeInIndex = 0; path = SinaWeibo_SwiftUITests.xctest; sourceTree = BUILT_PRODUCTS_DIR; };
		E2D944341E24B6CF00BD4B0B /* SinaWeibo_SwiftUITests.swift */ = {isa = PBXFileReference; lastKnownFileType = sourcecode.swift; path = SinaWeibo_SwiftUITests.swift; sourceTree = "<group>"; };
		E2D944361E24B6CF00BD4B0B /* Info.plist */ = {isa = PBXFileReference; lastKnownFileType = text.plist.xml; path = Info.plist; sourceTree = "<group>"; };
		E2D944491E24B93A00BD4B0B /* Default-568h@2x.png */ = {isa = PBXFileReference; lastKnownFileType = image.png; path = "Default-568h@2x.png"; sourceTree = "<group>"; };
		E2D9444B1E24C6BB00BD4B0B /* MainViewController.swift */ = {isa = PBXFileReference; fileEncoding = 4; lastKnownFileType = sourcecode.swift; path = MainViewController.swift; sourceTree = "<group>"; };
		E2D9444D1E24C6DA00BD4B0B /* HomeViewController.swift */ = {isa = PBXFileReference; fileEncoding = 4; lastKnownFileType = sourcecode.swift; path = HomeViewController.swift; sourceTree = "<group>"; };
		E2D9444F1E24C6E900BD4B0B /* MessageViewController.swift */ = {isa = PBXFileReference; fileEncoding = 4; lastKnownFileType = sourcecode.swift; path = MessageViewController.swift; sourceTree = "<group>"; };
		E2D944511E24C6F800BD4B0B /* DiscoverViewController.swift */ = {isa = PBXFileReference; fileEncoding = 4; lastKnownFileType = sourcecode.swift; path = DiscoverViewController.swift; sourceTree = "<group>"; };
		E2D944531E24C70800BD4B0B /* ProfileViewController.swift */ = {isa = PBXFileReference; fileEncoding = 4; lastKnownFileType = sourcecode.swift; path = ProfileViewController.swift; sourceTree = "<group>"; };
/* End PBXFileReference section */

/* Begin PBXFrameworksBuildPhase section */
		E2D9440E1E24B6CF00BD4B0B /* Frameworks */ = {
			isa = PBXFrameworksBuildPhase;
			buildActionMask = 2147483647;
			files = (
				1B37A13527219CAF1B7BB0A9 /* Pods_SinaWeibo_Swift.framework in Frameworks */,
			);
			runOnlyForDeploymentPostprocessing = 0;
		};
		E2D944221E24B6CF00BD4B0B /* Frameworks */ = {
			isa = PBXFrameworksBuildPhase;
			buildActionMask = 2147483647;
			files = (
			);
			runOnlyForDeploymentPostprocessing = 0;
		};
		E2D9442D1E24B6CF00BD4B0B /* Frameworks */ = {
			isa = PBXFrameworksBuildPhase;
			buildActionMask = 2147483647;
			files = (
			);
			runOnlyForDeploymentPostprocessing = 0;
		};
/* End PBXFrameworksBuildPhase section */

/* Begin PBXGroup section */
		A6349178C2F4B5EA6B428E5D /* Pods */ = {
			isa = PBXGroup;
			children = (
				18D37EA9B1CBE9618D042A26 /* Pods-SinaWeibo_Swift.debug.xcconfig */,
				B445B8CB12F58D307AED6352 /* Pods-SinaWeibo_Swift.release.xcconfig */,
			);
			name = Pods;
			sourceTree = "<group>";
		};
		AA3D97962A3115A6EDBE4B44 /* Frameworks */ = {
			isa = PBXGroup;
			children = (
				94BC769E76DCC20997A8F2B0 /* Pods_SinaWeibo_Swift.framework */,
			);
			name = Frameworks;
			sourceTree = "<group>";
		};
		E2296D8D1E4966EB00867C70 /* Compose */ = {
			isa = PBXGroup;
			children = (
				E2296D961E49B96000867C70 /* picPicker */,
				E2296D8E1E49670500867C70 /* ComposeViewController.swift */,
				E2296D8F1E49670500867C70 /* ComposeViewController.xib */,
				E2296D921E496CA200867C70 /* ComposeTitleView.swift */,
				E2296D941E49756300867C70 /* ComposeTextView.swift */,
			);
			path = Compose;
			sourceTree = "<group>";
		};
		E2296D961E49B96000867C70 /* picPicker */ = {
			isa = PBXGroup;
			children = (
				E2296D971E49B9A400867C70 /* PicPickerCollectionView.swift */,
				E2296D991E49C0E000867C70 /* PicPickerCollectionViewCell.swift */,
				E2296D9A1E49C0E000867C70 /* PicPickerCollectionViewCell.xib */,
			);
			path = picPicker;
			sourceTree = "<group>";
		};
		E26205141E2DF40E00A597C0 /* OAuth */ = {
			isa = PBXGroup;
			children = (
				E26205151E2DF42600A597C0 /* OauthViewController.swift */,
				E26205161E2DF42600A597C0 /* OauthViewController.xib */,
				E26DC3641E2F080600638927 /* UserAccountModel.swift */,
				E26DC3661E2F5F7300638927 /* UserAccountViewModel.swift */,
			);
			path = OAuth;
			sourceTree = "<group>";
		};
		E26CA13D1E25D3900068FF45 /* Resource */ = {
			isa = PBXGroup;
			children = (
				E26CA1451E260F4B0068FF45 /* Null.storyboard */,
				E26CA13E1E25D3900068FF45 /* MainVCSettings.json */,
			);
			path = Resource;
			sourceTree = "<group>";
		};
		E26CA14D1E262C2F0068FF45 /* Tools */ = {
			isa = PBXGroup;
			children = (
				E26CA14E1E262C2F0068FF45 /* Category */,
				E288AF041E275E84001B1E21 /* TitleButton.swift */,
				E262051B1E2E1E5000A597C0 /* NetworkTool.swift */,
				E26205191E2DFF8600A597C0 /* Common.swift */,
				E28D054A1E30BD5500E604F9 /* Date_Extension.swift */,
			);
			path = Tools;
			sourceTree = "<group>";
		};
		E26CA14E1E262C2F0068FF45 /* Category */ = {
			isa = PBXGroup;
			children = (
				E26CA14F1E262C4B0068FF45 /* UIButton_Extention.swift */,
				E288AF021E275809001B1E21 /* UIBarButtonItem_extention.swift */,
			);
			path = Category;
			sourceTree = "<group>";
		};
		E288AEFB1E271968001B1E21 /* Visitor */ = {
			isa = PBXGroup;
			children = (
				E288AEFC1E271980001B1E21 /* BaseViewController.swift */,
				E288AEFE1E271AE1001B1E21 /* VisitorView.swift */,
				E288AF001E271AF3001B1E21 /* VisitorView.xib */,
			);
			path = Visitor;
			sourceTree = "<group>";
		};
		E288AF0A1E276FC2001B1E21 /* UIPoperView */ = {
			isa = PBXGroup;
			children = (
				E288AF0B1E276FC2001B1E21 /* PoperViewController.swift */,
				E288AF0C1E276FC2001B1E21 /* PoperViewController.xib */,
				E24A4A971E28CA0900469864 /* PoperViewAnimation.swift */,
				E288AF0F1E277828001B1E21 /* ZLLPresentationController.swift */,
			);
			path = UIPoperView;
			sourceTree = "<group>";
		};
		E28D05041E305D9000E604F9 /* Welcome */ = {
			isa = PBXGroup;
			children = (
				E28D05051E305D9F00E604F9 /* WelcomeViewController.swift */,
				E28D05061E305D9F00E604F9 /* WelcomeViewController.xib */,
			);
			path = Welcome;
			sourceTree = "<group>";
		};
		E28D050B1E309E7800E604F9 /* HomeModel */ = {
			isa = PBXGroup;
			children = (
				E28D050C1E309E9100E604F9 /* Statuses.swift */,
				E28D054C1E30C3DC00E604F9 /* User.swift */,
				E2691BE71E31B4E1000772B6 /* StatusesViewModel.swift */,
			);
			path = HomeModel;
			sourceTree = "<group>";
		};
		E2D944081E24B6CF00BD4B0B = {
			isa = PBXGroup;
			children = (
				E2D944131E24B6CF00BD4B0B /* SinaWeibo_Swift */,
				E2D944281E24B6CF00BD4B0B /* SinaWeibo_SwiftTests */,
				E2D944331E24B6CF00BD4B0B /* SinaWeibo_SwiftUITests */,
				E2D944121E24B6CF00BD4B0B /* Products */,
				A6349178C2F4B5EA6B428E5D /* Pods */,
				AA3D97962A3115A6EDBE4B44 /* Frameworks */,
			);
			sourceTree = "<group>";
		};
		E2D944121E24B6CF00BD4B0B /* Products */ = {
			isa = PBXGroup;
			children = (
				E2D944111E24B6CF00BD4B0B /* SinaWeibo_Swift.app */,
				E2D944251E24B6CF00BD4B0B /* SinaWeibo_SwiftTests.xctest */,
				E2D944301E24B6CF00BD4B0B /* SinaWeibo_SwiftUITests.xctest */,
			);
			name = Products;
			sourceTree = "<group>";
		};
		E2D944131E24B6CF00BD4B0B /* SinaWeibo_Swift */ = {
			isa = PBXGroup;
			children = (
				E2D944421E24B70E00BD4B0B /* Class */,
				E2D944481E24B8E000BD4B0B /* Images */,
				E2D944141E24B6CF00BD4B0B /* AppDelegate.swift */,
				E2D944181E24B6CF00BD4B0B /* Main.storyboard */,
				E2D9441B1E24B6CF00BD4B0B /* Assets.xcassets */,
				E2D9441D1E24B6CF00BD4B0B /* LaunchScreen.storyboard */,
				E2D944201E24B6CF00BD4B0B /* Info.plist */,
			);
			path = SinaWeibo_Swift;
			sourceTree = "<group>";
		};
		E2D944281E24B6CF00BD4B0B /* SinaWeibo_SwiftTests */ = {
			isa = PBXGroup;
			children = (
				E2D944291E24B6CF00BD4B0B /* SinaWeibo_SwiftTests.swift */,
				E2D9442B1E24B6CF00BD4B0B /* Info.plist */,
			);
			path = SinaWeibo_SwiftTests;
			sourceTree = "<group>";
		};
		E2D944331E24B6CF00BD4B0B /* SinaWeibo_SwiftUITests */ = {
			isa = PBXGroup;
			children = (
				E2D944341E24B6CF00BD4B0B /* SinaWeibo_SwiftUITests.swift */,
				E2D944361E24B6CF00BD4B0B /* Info.plist */,
			);
			path = SinaWeibo_SwiftUITests;
			sourceTree = "<group>";
		};
		E2D944421E24B70E00BD4B0B /* Class */ = {
			isa = PBXGroup;
			children = (
				E2296D8D1E4966EB00867C70 /* Compose */,
				E2D944451E24B70E00BD4B0B /* Main */,
				E2D944441E24B70E00BD4B0B /* Home */,
				E2D944461E24B70E00BD4B0B /* Message */,
				E2D944431E24B70E00BD4B0B /* Discover */,
				E2D944471E24B70E00BD4B0B /* Profile */,
				E26CA14D1E262C2F0068FF45 /* Tools */,
			);
			path = Class;
			sourceTree = "<group>";
		};
		E2D944431E24B70E00BD4B0B /* Discover */ = {
			isa = PBXGroup;
			children = (
				E2D944511E24C6F800BD4B0B /* DiscoverViewController.swift */,
				E26CA1481E260F910068FF45 /* Discover.storyboard */,
			);
			path = Discover;
			sourceTree = "<group>";
		};
		E2D944441E24B70E00BD4B0B /* Home */ = {
			isa = PBXGroup;
			children = (
				E28D050B1E309E7800E604F9 /* HomeModel */,
				E288AF0A1E276FC2001B1E21 /* UIPoperView */,
				E2D9444D1E24C6DA00BD4B0B /* HomeViewController.swift */,
				E2691BE91E31E22E000772B6 /* HomeViewCell.swift */,
				E26D17241E349B8B00C4C6C0 /* PicCollectionView.swift */,
				E26CA1401E260D0C0068FF45 /* Home.storyboard */,
			);
			path = Home;
			sourceTree = "<group>";
		};
		E2D944451E24B70E00BD4B0B /* Main */ = {
			isa = PBXGroup;
			children = (
				E28D05041E305D9000E604F9 /* Welcome */,
				E26205141E2DF40E00A597C0 /* OAuth */,
				E288AEFB1E271968001B1E21 /* Visitor */,
				E26CA13D1E25D3900068FF45 /* Resource */,
				E2D9444B1E24C6BB00BD4B0B /* MainViewController.swift */,
			);
			path = Main;
			sourceTree = "<group>";
		};
		E2D944461E24B70E00BD4B0B /* Message */ = {
			isa = PBXGroup;
			children = (
				E2D9444F1E24C6E900BD4B0B /* MessageViewController.swift */,
				E26CA1431E260F0C0068FF45 /* Message.storyboard */,
			);
			path = Message;
			sourceTree = "<group>";
		};
		E2D944471E24B70E00BD4B0B /* Profile */ = {
			isa = PBXGroup;
			children = (
				E2D944531E24C70800BD4B0B /* ProfileViewController.swift */,
				E26CA14A1E260FDB0068FF45 /* Profile.storyboard */,
			);
			path = Profile;
			sourceTree = "<group>";
		};
		E2D944481E24B8E000BD4B0B /* Images */ = {
			isa = PBXGroup;
			children = (
				E2D944491E24B93A00BD4B0B /* Default-568h@2x.png */,
			);
			path = Images;
			sourceTree = "<group>";
		};
/* End PBXGroup section */

/* Begin PBXNativeTarget section */
		E2D944101E24B6CF00BD4B0B /* SinaWeibo_Swift */ = {
			isa = PBXNativeTarget;
			buildConfigurationList = E2D944391E24B6CF00BD4B0B /* Build configuration list for PBXNativeTarget "SinaWeibo_Swift" */;
			buildPhases = (
				383CA26B554EB03A9B6A78EA /* [CP] Check Pods Manifest.lock */,
				E2D9440D1E24B6CF00BD4B0B /* Sources */,
				E2D9440E1E24B6CF00BD4B0B /* Frameworks */,
				E2D9440F1E24B6CF00BD4B0B /* Resources */,
				14A0ADA6A089B74C3F17BC7F /* [CP] Embed Pods Frameworks */,
				510E7E9BA1F0157960D589B3 /* [CP] Copy Pods Resources */,
			);
			buildRules = (
			);
			dependencies = (
			);
			name = SinaWeibo_Swift;
			productName = SinaWeibo_Swift;
			productReference = E2D944111E24B6CF00BD4B0B /* SinaWeibo_Swift.app */;
			productType = "com.apple.product-type.application";
		};
		E2D944241E24B6CF00BD4B0B /* SinaWeibo_SwiftTests */ = {
			isa = PBXNativeTarget;
			buildConfigurationList = E2D9443C1E24B6CF00BD4B0B /* Build configuration list for PBXNativeTarget "SinaWeibo_SwiftTests" */;
			buildPhases = (
				E2D944211E24B6CF00BD4B0B /* Sources */,
				E2D944221E24B6CF00BD4B0B /* Frameworks */,
				E2D944231E24B6CF00BD4B0B /* Resources */,
			);
			buildRules = (
			);
			dependencies = (
				E2D944271E24B6CF00BD4B0B /* PBXTargetDependency */,
			);
			name = SinaWeibo_SwiftTests;
			productName = SinaWeibo_SwiftTests;
			productReference = E2D944251E24B6CF00BD4B0B /* SinaWeibo_SwiftTests.xctest */;
			productType = "com.apple.product-type.bundle.unit-test";
		};
		E2D9442F1E24B6CF00BD4B0B /* SinaWeibo_SwiftUITests */ = {
			isa = PBXNativeTarget;
			buildConfigurationList = E2D9443F1E24B6CF00BD4B0B /* Build configuration list for PBXNativeTarget "SinaWeibo_SwiftUITests" */;
			buildPhases = (
				E2D9442C1E24B6CF00BD4B0B /* Sources */,
				E2D9442D1E24B6CF00BD4B0B /* Frameworks */,
				E2D9442E1E24B6CF00BD4B0B /* Resources */,
			);
			buildRules = (
			);
			dependencies = (
				E2D944321E24B6CF00BD4B0B /* PBXTargetDependency */,
			);
			name = SinaWeibo_SwiftUITests;
			productName = SinaWeibo_SwiftUITests;
			productReference = E2D944301E24B6CF00BD4B0B /* SinaWeibo_SwiftUITests.xctest */;
			productType = "com.apple.product-type.bundle.ui-testing";
		};
/* End PBXNativeTarget section */

/* Begin PBXProject section */
		E2D944091E24B6CF00BD4B0B /* Project object */ = {
			isa = PBXProject;
			attributes = {
				LastSwiftUpdateCheck = 0820;
				LastUpgradeCheck = 0820;
				ORGANIZATIONNAME = zhenglilan;
				TargetAttributes = {
					E2D944101E24B6CF00BD4B0B = {
						CreatedOnToolsVersion = 8.2;
						DevelopmentTeam = VY54LVF9WL;
						ProvisioningStyle = Automatic;
					};
					E2D944241E24B6CF00BD4B0B = {
						CreatedOnToolsVersion = 8.2;
						DevelopmentTeam = VY54LVF9WL;
						ProvisioningStyle = Automatic;
						TestTargetID = E2D944101E24B6CF00BD4B0B;
					};
					E2D9442F1E24B6CF00BD4B0B = {
						CreatedOnToolsVersion = 8.2;
						DevelopmentTeam = VY54LVF9WL;
						ProvisioningStyle = Automatic;
						TestTargetID = E2D944101E24B6CF00BD4B0B;
					};
				};
			};
			buildConfigurationList = E2D9440C1E24B6CF00BD4B0B /* Build configuration list for PBXProject "SinaWeibo_Swift" */;
			compatibilityVersion = "Xcode 3.2";
			developmentRegion = English;
			hasScannedForEncodings = 0;
			knownRegions = (
				en,
				Base,
			);
			mainGroup = E2D944081E24B6CF00BD4B0B;
			productRefGroup = E2D944121E24B6CF00BD4B0B /* Products */;
			projectDirPath = "";
			projectRoot = "";
			targets = (
				E2D944101E24B6CF00BD4B0B /* SinaWeibo_Swift */,
				E2D944241E24B6CF00BD4B0B /* SinaWeibo_SwiftTests */,
				E2D9442F1E24B6CF00BD4B0B /* SinaWeibo_SwiftUITests */,
			);
		};
/* End PBXProject section */

/* Begin PBXResourcesBuildPhase section */
		E2D9440F1E24B6CF00BD4B0B /* Resources */ = {
			isa = PBXResourcesBuildPhase;
			buildActionMask = 2147483647;
			files = (
				E26205181E2DF42600A597C0 /* OauthViewController.xib in Resources */,
				E2296D9C1E49C0E000867C70 /* PicPickerCollectionViewCell.xib in Resources */,
				E28D05081E305D9F00E604F9 /* WelcomeViewController.xib in Resources */,
				E2D9441F1E24B6CF00BD4B0B /* LaunchScreen.storyboard in Resources */,
				E288AF0E1E276FC2001B1E21 /* PoperViewController.xib in Resources */,
				E26CA1471E260F4B0068FF45 /* Null.storyboard in Resources */,
				E26CA14C1E260FDB0068FF45 /* Profile.storyboard in Resources */,
				E26CA13F1E25D3900068FF45 /* MainVCSettings.json in Resources */,
				E2D9444A1E24B93A00BD4B0B /* Default-568h@2x.png in Resources */,
				E288AF011E271AF3001B1E21 /* VisitorView.xib in Resources */,
				E26CA1421E260D0C0068FF45 /* Home.storyboard in Resources */,
				E2D9441C1E24B6CF00BD4B0B /* Assets.xcassets in Resources */,
				E2D9441A1E24B6CF00BD4B0B /* Main.storyboard in Resources */,
				E26CA1441E260F0C0068FF45 /* Message.storyboard in Resources */,
				E2296D911E49670500867C70 /* ComposeViewController.xib in Resources */,
				E26CA1491E260F910068FF45 /* Discover.storyboard in Resources */,
			);
			runOnlyForDeploymentPostprocessing = 0;
		};
		E2D944231E24B6CF00BD4B0B /* Resources */ = {
			isa = PBXResourcesBuildPhase;
			buildActionMask = 2147483647;
			files = (
			);
			runOnlyForDeploymentPostprocessing = 0;
		};
		E2D9442E1E24B6CF00BD4B0B /* Resources */ = {
			isa = PBXResourcesBuildPhase;
			buildActionMask = 2147483647;
			files = (
			);
			runOnlyForDeploymentPostprocessing = 0;
		};
/* End PBXResourcesBuildPhase section */

/* Begin PBXShellScriptBuildPhase section */
		14A0ADA6A089B74C3F17BC7F /* [CP] Embed Pods Frameworks */ = {
			isa = PBXShellScriptBuildPhase;
			buildActionMask = 2147483647;
			files = (
			);
			inputPaths = (
			);
			name = "[CP] Embed Pods Frameworks";
			outputPaths = (
			);
			runOnlyForDeploymentPostprocessing = 0;
			shellPath = /bin/sh;
			shellScript = "\"${SRCROOT}/Pods/Target Support Files/Pods-SinaWeibo_Swift/Pods-SinaWeibo_Swift-frameworks.sh\"\n";
			showEnvVarsInLog = 0;
		};
		383CA26B554EB03A9B6A78EA /* [CP] Check Pods Manifest.lock */ = {
			isa = PBXShellScriptBuildPhase;
			buildActionMask = 2147483647;
			files = (
			);
			inputPaths = (
			);
			name = "[CP] Check Pods Manifest.lock";
			outputPaths = (
			);
			runOnlyForDeploymentPostprocessing = 0;
			shellPath = /bin/sh;
			shellScript = "diff \"${PODS_ROOT}/../Podfile.lock\" \"${PODS_ROOT}/Manifest.lock\" > /dev/null\nif [ $? != 0 ] ; then\n    # print error to STDERR\n    echo \"error: The sandbox is not in sync with the Podfile.lock. Run 'pod install' or update your CocoaPods installation.\" >&2\n    exit 1\nfi\n";
			showEnvVarsInLog = 0;
		};
		510E7E9BA1F0157960D589B3 /* [CP] Copy Pods Resources */ = {
			isa = PBXShellScriptBuildPhase;
			buildActionMask = 2147483647;
			files = (
			);
			inputPaths = (
			);
			name = "[CP] Copy Pods Resources";
			outputPaths = (
			);
			runOnlyForDeploymentPostprocessing = 0;
			shellPath = /bin/sh;
			shellScript = "\"${SRCROOT}/Pods/Target Support Files/Pods-SinaWeibo_Swift/Pods-SinaWeibo_Swift-resources.sh\"\n";
			showEnvVarsInLog = 0;
		};
/* End PBXShellScriptBuildPhase section */

/* Begin PBXSourcesBuildPhase section */
		E2D9440D1E24B6CF00BD4B0B /* Sources */ = {
			isa = PBXSourcesBuildPhase;
			buildActionMask = 2147483647;
			files = (
				E262051A1E2DFF8600A597C0 /* Common.swift in Sources */,
				E28D054B1E30BD5500E604F9 /* Date_Extension.swift in Sources */,
				E28D05071E305D9F00E604F9 /* WelcomeViewController.swift in Sources */,
				E2296D981E49B9A400867C70 /* PicPickerCollectionView.swift in Sources */,
				E2D944541E24C70800BD4B0B /* ProfileViewController.swift in Sources */,
				E2296D931E496CA200867C70 /* ComposeTitleView.swift in Sources */,
				E26205171E2DF42600A597C0 /* OauthViewController.swift in Sources */,
				E2D944151E24B6CF00BD4B0B /* AppDelegate.swift in Sources */,
				E2D9444C1E24C6BB00BD4B0B /* MainViewController.swift in Sources */,
				E26DC3671E2F5F7300638927 /* UserAccountViewModel.swift in Sources */,
				E28D050D1E309E9100E604F9 /* Statuses.swift in Sources */,
				E2296D901E49670500867C70 /* ComposeViewController.swift in Sources */,
				E2D944501E24C6E900BD4B0B /* MessageViewController.swift in Sources */,
				E2691BE81E31B4E1000772B6 /* StatusesViewModel.swift in Sources */,
				E24A4A981E28CA0900469864 /* PoperViewAnimation.swift in Sources */,
				E288AF051E275E84001B1E21 /* TitleButton.swift in Sources */,
				E288AF101E277828001B1E21 /* ZLLPresentationController.swift in Sources */,
				E2296D951E49756300867C70 /* ComposeTextView.swift in Sources */,
				E262051C1E2E1E5000A597C0 /* NetworkTool.swift in Sources */,
				E2D9444E1E24C6DA00BD4B0B /* HomeViewController.swift in Sources */,
				E288AEFD1E271980001B1E21 /* BaseViewController.swift in Sources */,
				E2691BEA1E31E22E000772B6 /* HomeViewCell.swift in Sources */,
				E26DC3651E2F080600638927 /* UserAccountModel.swift in Sources */,
				E26D17251E349B8B00C4C6C0 /* PicCollectionView.swift in Sources */,
				E288AEFF1E271AE1001B1E21 /* VisitorView.swift in Sources */,
				E2296D9B1E49C0E000867C70 /* PicPickerCollectionViewCell.swift in Sources */,
				E2D944521E24C6F800BD4B0B /* DiscoverViewController.swift in Sources */,
				E288AF0D1E276FC2001B1E21 /* PoperViewController.swift in Sources */,
				E26CA1501E262C4B0068FF45 /* UIButton_Extention.swift in Sources */,
				E288AF031E275809001B1E21 /* UIBarButtonItem_extention.swift in Sources */,
				E28D054D1E30C3DC00E604F9 /* User.swift in Sources */,
			);
			runOnlyForDeploymentPostprocessing = 0;
		};
		E2D944211E24B6CF00BD4B0B /* Sources */ = {
			isa = PBXSourcesBuildPhase;
			buildActionMask = 2147483647;
			files = (
				E2D9442A1E24B6CF00BD4B0B /* SinaWeibo_SwiftTests.swift in Sources */,
			);
			runOnlyForDeploymentPostprocessing = 0;
		};
		E2D9442C1E24B6CF00BD4B0B /* Sources */ = {
			isa = PBXSourcesBuildPhase;
			buildActionMask = 2147483647;
			files = (
				E2D944351E24B6CF00BD4B0B /* SinaWeibo_SwiftUITests.swift in Sources */,
			);
			runOnlyForDeploymentPostprocessing = 0;
		};
/* End PBXSourcesBuildPhase section */

/* Begin PBXTargetDependency section */
		E2D944271E24B6CF00BD4B0B /* PBXTargetDependency */ = {
			isa = PBXTargetDependency;
			target = E2D944101E24B6CF00BD4B0B /* SinaWeibo_Swift */;
			targetProxy = E2D944261E24B6CF00BD4B0B /* PBXContainerItemProxy */;
		};
		E2D944321E24B6CF00BD4B0B /* PBXTargetDependency */ = {
			isa = PBXTargetDependency;
			target = E2D944101E24B6CF00BD4B0B /* SinaWeibo_Swift */;
			targetProxy = E2D944311E24B6CF00BD4B0B /* PBXContainerItemProxy */;
		};
/* End PBXTargetDependency section */

/* Begin PBXVariantGroup section */
		E26CA1401E260D0C0068FF45 /* Home.storyboard */ = {
			isa = PBXVariantGroup;
			children = (
				E26CA1411E260D0C0068FF45 /* Base */,
			);
			name = Home.storyboard;
			path = ../..;
			sourceTree = "<group>";
		};
		E26CA1451E260F4B0068FF45 /* Null.storyboard */ = {
			isa = PBXVariantGroup;
			children = (
				E26CA1461E260F4B0068FF45 /* Base */,
			);
			name = Null.storyboard;
			path = ../../..;
			sourceTree = "<group>";
		};
		E26CA14A1E260FDB0068FF45 /* Profile.storyboard */ = {
			isa = PBXVariantGroup;
			children = (
				E26CA14B1E260FDB0068FF45 /* Base */,
			);
			name = Profile.storyboard;
			path = ../..;
			sourceTree = "<group>";
		};
		E2D944181E24B6CF00BD4B0B /* Main.storyboard */ = {
			isa = PBXVariantGroup;
			children = (
				E2D944191E24B6CF00BD4B0B /* Base */,
			);
			name = Main.storyboard;
			sourceTree = "<group>";
		};
		E2D9441D1E24B6CF00BD4B0B /* LaunchScreen.storyboard */ = {
			isa = PBXVariantGroup;
			children = (
				E2D9441E1E24B6CF00BD4B0B /* Base */,
			);
			name = LaunchScreen.storyboard;
			sourceTree = "<group>";
		};
/* End PBXVariantGroup section */

/* Begin XCBuildConfiguration section */
		E2D944371E24B6CF00BD4B0B /* Debug */ = {
			isa = XCBuildConfiguration;
			buildSettings = {
				ALWAYS_SEARCH_USER_PATHS = NO;
				CLANG_ANALYZER_NONNULL = YES;
				CLANG_CXX_LANGUAGE_STANDARD = "gnu++0x";
				CLANG_CXX_LIBRARY = "libc++";
				CLANG_ENABLE_MODULES = YES;
				CLANG_ENABLE_OBJC_ARC = YES;
				CLANG_WARN_BOOL_CONVERSION = YES;
				CLANG_WARN_CONSTANT_CONVERSION = YES;
				CLANG_WARN_DIRECT_OBJC_ISA_USAGE = YES_ERROR;
				CLANG_WARN_DOCUMENTATION_COMMENTS = YES;
				CLANG_WARN_EMPTY_BODY = YES;
				CLANG_WARN_ENUM_CONVERSION = YES;
				CLANG_WARN_INFINITE_RECURSION = YES;
				CLANG_WARN_INT_CONVERSION = YES;
				CLANG_WARN_OBJC_ROOT_CLASS = YES_ERROR;
				CLANG_WARN_SUSPICIOUS_MOVE = YES;
				CLANG_WARN_UNREACHABLE_CODE = YES;
				CLANG_WARN__DUPLICATE_METHOD_MATCH = YES;
				"CODE_SIGN_IDENTITY[sdk=iphoneos*]" = "iPhone Developer";
				COPY_PHASE_STRIP = NO;
				DEBUG_INFORMATION_FORMAT = dwarf;
				ENABLE_STRICT_OBJC_MSGSEND = YES;
				ENABLE_TESTABILITY = YES;
				GCC_C_LANGUAGE_STANDARD = gnu99;
				GCC_DYNAMIC_NO_PIC = NO;
				GCC_NO_COMMON_BLOCKS = YES;
				GCC_OPTIMIZATION_LEVEL = 0;
				GCC_PREPROCESSOR_DEFINITIONS = (
					"DEBUG=1",
					"$(inherited)",
				);
				GCC_WARN_64_TO_32_BIT_CONVERSION = YES;
				GCC_WARN_ABOUT_RETURN_TYPE = YES_ERROR;
				GCC_WARN_UNDECLARED_SELECTOR = YES;
				GCC_WARN_UNINITIALIZED_AUTOS = YES_AGGRESSIVE;
				GCC_WARN_UNUSED_FUNCTION = YES;
				GCC_WARN_UNUSED_VARIABLE = YES;
				IPHONEOS_DEPLOYMENT_TARGET = 10.2;
				MTL_ENABLE_DEBUG_INFO = YES;
				ONLY_ACTIVE_ARCH = YES;
				SDKROOT = iphoneos;
				SWIFT_ACTIVE_COMPILATION_CONDITIONS = DEBUG;
				SWIFT_OPTIMIZATION_LEVEL = "-Onone";
			};
			name = Debug;
		};
		E2D944381E24B6CF00BD4B0B /* Release */ = {
			isa = XCBuildConfiguration;
			buildSettings = {
				ALWAYS_SEARCH_USER_PATHS = NO;
				CLANG_ANALYZER_NONNULL = YES;
				CLANG_CXX_LANGUAGE_STANDARD = "gnu++0x";
				CLANG_CXX_LIBRARY = "libc++";
				CLANG_ENABLE_MODULES = YES;
				CLANG_ENABLE_OBJC_ARC = YES;
				CLANG_WARN_BOOL_CONVERSION = YES;
				CLANG_WARN_CONSTANT_CONVERSION = YES;
				CLANG_WARN_DIRECT_OBJC_ISA_USAGE = YES_ERROR;
				CLANG_WARN_DOCUMENTATION_COMMENTS = YES;
				CLANG_WARN_EMPTY_BODY = YES;
				CLANG_WARN_ENUM_CONVERSION = YES;
				CLANG_WARN_INFINITE_RECURSION = YES;
				CLANG_WARN_INT_CONVERSION = YES;
				CLANG_WARN_OBJC_ROOT_CLASS = YES_ERROR;
				CLANG_WARN_SUSPICIOUS_MOVE = YES;
				CLANG_WARN_UNREACHABLE_CODE = YES;
				CLANG_WARN__DUPLICATE_METHOD_MATCH = YES;
				"CODE_SIGN_IDENTITY[sdk=iphoneos*]" = "iPhone Developer";
				COPY_PHASE_STRIP = NO;
				DEBUG_INFORMATION_FORMAT = "dwarf-with-dsym";
				ENABLE_NS_ASSERTIONS = NO;
				ENABLE_STRICT_OBJC_MSGSEND = YES;
				GCC_C_LANGUAGE_STANDARD = gnu99;
				GCC_NO_COMMON_BLOCKS = YES;
				GCC_WARN_64_TO_32_BIT_CONVERSION = YES;
				GCC_WARN_ABOUT_RETURN_TYPE = YES_ERROR;
				GCC_WARN_UNDECLARED_SELECTOR = YES;
				GCC_WARN_UNINITIALIZED_AUTOS = YES_AGGRESSIVE;
				GCC_WARN_UNUSED_FUNCTION = YES;
				GCC_WARN_UNUSED_VARIABLE = YES;
				IPHONEOS_DEPLOYMENT_TARGET = 10.2;
				MTL_ENABLE_DEBUG_INFO = NO;
				SDKROOT = iphoneos;
				SWIFT_OPTIMIZATION_LEVEL = "-Owholemodule";
				VALIDATE_PRODUCT = YES;
			};
			name = Release;
		};
		E2D9443A1E24B6CF00BD4B0B /* Debug */ = {
			isa = XCBuildConfiguration;
			baseConfigurationReference = 18D37EA9B1CBE9618D042A26 /* Pods-SinaWeibo_Swift.debug.xcconfig */;
			buildSettings = {
				ASSETCATALOG_COMPILER_APPICON_NAME = AppIcon;
				ASSETCATALOG_COMPILER_LAUNCHIMAGE_NAME = LaunchImage;
				DEVELOPMENT_TEAM = VY54LVF9WL;
				INFOPLIST_FILE = SinaWeibo_Swift/Info.plist;
				IPHONEOS_DEPLOYMENT_TARGET = 10.0;
				LD_RUNPATH_SEARCH_PATHS = "$(inherited) @executable_path/Frameworks";
				PRODUCT_BUNDLE_IDENTIFIER = "com.zhenglilan.instructor.SinaWeibo-Swift";
				PRODUCT_NAME = "$(TARGET_NAME)";
				SWIFT_VERSION = 3.0;
			};
			name = Debug;
		};
		E2D9443B1E24B6CF00BD4B0B /* Release */ = {
			isa = XCBuildConfiguration;
			baseConfigurationReference = B445B8CB12F58D307AED6352 /* Pods-SinaWeibo_Swift.release.xcconfig */;
			buildSettings = {
				ASSETCATALOG_COMPILER_APPICON_NAME = AppIcon;
				ASSETCATALOG_COMPILER_LAUNCHIMAGE_NAME = LaunchImage;
				DEVELOPMENT_TEAM = VY54LVF9WL;
				INFOPLIST_FILE = SinaWeibo_Swift/Info.plist;
				IPHONEOS_DEPLOYMENT_TARGET = 10.0;
				LD_RUNPATH_SEARCH_PATHS = "$(inherited) @executable_path/Frameworks";
				PRODUCT_BUNDLE_IDENTIFIER = "com.zhenglilan.instructor.SinaWeibo-Swift";
				PRODUCT_NAME = "$(TARGET_NAME)";
				SWIFT_VERSION = 3.0;
			};
			name = Release;
		};
		E2D9443D1E24B6CF00BD4B0B /* Debug */ = {
			isa = XCBuildConfiguration;
			buildSettings = {
				ALWAYS_EMBED_SWIFT_STANDARD_LIBRARIES = YES;
				BUNDLE_LOADER = "$(TEST_HOST)";
				DEVELOPMENT_TEAM = VY54LVF9WL;
				INFOPLIST_FILE = SinaWeibo_SwiftTests/Info.plist;
				LD_RUNPATH_SEARCH_PATHS = "$(inherited) @executable_path/Frameworks @loader_path/Frameworks";
				PRODUCT_BUNDLE_IDENTIFIER = "com.zhenglilan.instructor.SinaWeibo-SwiftTests";
				PRODUCT_NAME = "$(TARGET_NAME)";
				SWIFT_VERSION = 3.0;
				TEST_HOST = "$(BUILT_PRODUCTS_DIR)/SinaWeibo_Swift.app/SinaWeibo_Swift";
			};
			name = Debug;
		};
		E2D9443E1E24B6CF00BD4B0B /* Release */ = {
			isa = XCBuildConfiguration;
			buildSettings = {
				ALWAYS_EMBED_SWIFT_STANDARD_LIBRARIES = YES;
				BUNDLE_LOADER = "$(TEST_HOST)";
				DEVELOPMENT_TEAM = VY54LVF9WL;
				INFOPLIST_FILE = SinaWeibo_SwiftTests/Info.plist;
				LD_RUNPATH_SEARCH_PATHS = "$(inherited) @executable_path/Frameworks @loader_path/Frameworks";
				PRODUCT_BUNDLE_IDENTIFIER = "com.zhenglilan.instructor.SinaWeibo-SwiftTests";
				PRODUCT_NAME = "$(TARGET_NAME)";
				SWIFT_VERSION = 3.0;
				TEST_HOST = "$(BUILT_PRODUCTS_DIR)/SinaWeibo_Swift.app/SinaWeibo_Swift";
			};
			name = Release;
		};
		E2D944401E24B6CF00BD4B0B /* Debug */ = {
			isa = XCBuildConfiguration;
			buildSettings = {
				ALWAYS_EMBED_SWIFT_STANDARD_LIBRARIES = YES;
				DEVELOPMENT_TEAM = VY54LVF9WL;
				INFOPLIST_FILE = SinaWeibo_SwiftUITests/Info.plist;
				LD_RUNPATH_SEARCH_PATHS = "$(inherited) @executable_path/Frameworks @loader_path/Frameworks";
				PRODUCT_BUNDLE_IDENTIFIER = "com.zhenglilan.instructor.SinaWeibo-SwiftUITests";
				PRODUCT_NAME = "$(TARGET_NAME)";
				SWIFT_VERSION = 3.0;
				TEST_TARGET_NAME = SinaWeibo_Swift;
			};
			name = Debug;
		};
		E2D944411E24B6CF00BD4B0B /* Release */ = {
			isa = XCBuildConfiguration;
			buildSettings = {
				ALWAYS_EMBED_SWIFT_STANDARD_LIBRARIES = YES;
				DEVELOPMENT_TEAM = VY54LVF9WL;
				INFOPLIST_FILE = SinaWeibo_SwiftUITests/Info.plist;
				LD_RUNPATH_SEARCH_PATHS = "$(inherited) @executable_path/Frameworks @loader_path/Frameworks";
				PRODUCT_BUNDLE_IDENTIFIER = "com.zhenglilan.instructor.SinaWeibo-SwiftUITests";
				PRODUCT_NAME = "$(TARGET_NAME)";
				SWIFT_VERSION = 3.0;
				TEST_TARGET_NAME = SinaWeibo_Swift;
			};
			name = Release;
		};
/* End XCBuildConfiguration section */

/* Begin XCConfigurationList section */
		E2D9440C1E24B6CF00BD4B0B /* Build configuration list for PBXProject "SinaWeibo_Swift" */ = {
			isa = XCConfigurationList;
			buildConfigurations = (
				E2D944371E24B6CF00BD4B0B /* Debug */,
				E2D944381E24B6CF00BD4B0B /* Release */,
			);
			defaultConfigurationIsVisible = 0;
			defaultConfigurationName = Release;
		};
		E2D944391E24B6CF00BD4B0B /* Build configuration list for PBXNativeTarget "SinaWeibo_Swift" */ = {
			isa = XCConfigurationList;
			buildConfigurations = (
				E2D9443A1E24B6CF00BD4B0B /* Debug */,
				E2D9443B1E24B6CF00BD4B0B /* Release */,
			);
			defaultConfigurationIsVisible = 0;
			defaultConfigurationName = Release;
		};
		E2D9443C1E24B6CF00BD4B0B /* Build configuration list for PBXNativeTarget "SinaWeibo_SwiftTests" */ = {
			isa = XCConfigurationList;
			buildConfigurations = (
				E2D9443D1E24B6CF00BD4B0B /* Debug */,
				E2D9443E1E24B6CF00BD4B0B /* Release */,
			);
			defaultConfigurationIsVisible = 0;
			defaultConfigurationName = Release;
		};
		E2D9443F1E24B6CF00BD4B0B /* Build configuration list for PBXNativeTarget "SinaWeibo_SwiftUITests" */ = {
			isa = XCConfigurationList;
			buildConfigurations = (
				E2D944401E24B6CF00BD4B0B /* Debug */,
				E2D944411E24B6CF00BD4B0B /* Release */,
			);
			defaultConfigurationIsVisible = 0;
			defaultConfigurationName = Release;
		};
/* End XCConfigurationList section */
	};
	rootObject = E2D944091E24B6CF00BD4B0B /* Project object */;
}
